
Microsoft Visual Studio Solution File, Format Version 12.00
# Visual Studio Version 17
VisualStudioVersion = 17.4.33213.308
MinimumVisualStudioVersion = 10.0.40219.1
Project("{FAE04EC0-301F-11D3-BF4B-00C04F79EFBC}") = "prjSalarioSituação", "prjSalarioSituação\prjSalarioSituação.csproj", "{B5AD6C46-7764-4DB8-B4AD-8941A4A439FF}"
EndProject
Global
	GlobalSection(SolutionConfigurationPlatforms) = preSolution
		Debug|Any CPU = Debug|Any CPU
		Release|Any CPU = Release|Any CPU
	EndGlobalSection
	GlobalSection(ProjectConfigurationPlatforms) = postSolution
		{B5AD6C46-7764-4DB8-B4AD-8941A4A439FF}.Debug|Any CPU.ActiveCfg = Debug|Any CPU
		{B5AD6C46-7764-4DB8-B4AD-8941A4A439FF}.Debug|Any CPU.Build.0 = Debug|Any CPU
		{B5AD6C46-7764-4DB8-B4AD-8941A4A439FF}.Release|Any CPU.ActiveCfg = Release|Any CPU
		{B5AD6C46-7764-4DB8-B4AD-8941A4A439FF}.Release|Any CPU.Build.0 = Release|Any CPU
	EndGlobalSection
	GlobalSection(SolutionProperties) = preSolution
		HideSolutionNode = FALSE
	EndGlobalSection
	GlobalSection(ExtensibilityGlobals) = postSolution
		SolutionGuid = {D7515A73-E135-4FA7-B708-98CDCA8253CC}
	EndGlobalSection
EndGlobal
